
Microsoft Visual Studio Solution File, Format Version 12.00
# Visual Studio Version 16
VisualStudioVersion = 16.0.29306.81
MinimumVisualStudioVersion = 10.0.40219.1
Project("{9A19103F-16F7-4668-BE54-9A1E7A4F7556}") = "OfficialRewardService", "OfficialRewardService\OfficialRewardService.csproj", "{361D3CD3-5351-427B-B786-1CD6E1E11A3B}"
EndProject
Project("{FAE04EC0-301F-11D3-BF4B-00C04F79EFBC}") = "Common", "Common\Common.csproj", "{C47985C5-7B6B-405A-BD27-7E03B3A795B8}"
EndProject
Global
	GlobalSection(SolutionConfigurationPlatforms) = preSolution
		Debug|Any CPU = Debug|Any CPU
		Release|Any CPU = Release|Any CPU
	EndGlobalSection
	GlobalSection(ProjectConfigurationPlatforms) = postSolution
		{361D3CD3-5351-427B-B786-1CD6E1E11A3B}.Debug|Any CPU.ActiveCfg = Debug|Any CPU
		{361D3CD3-5351-427B-B786-1CD6E1E11A3B}.Debug|Any CPU.Build.0 = Debug|Any CPU
		{361D3CD3-5351-427B-B786-1CD6E1E11A3B}.Release|Any CPU.ActiveCfg = Release|Any CPU
		{361D3CD3-5351-427B-B786-1CD6E1E11A3B}.Release|Any CPU.Build.0 = Release|Any CPU
		{C47985C5-7B6B-405A-BD27-7E03B3A795B8}.Debug|Any CPU.ActiveCfg = Debug|Any CPU
		{C47985C5-7B6B-405A-BD27-7E03B3A795B8}.Debug|Any CPU.Build.0 = Debug|Any CPU
		{C47985C5-7B6B-405A-BD27-7E03B3A795B8}.Release|Any CPU.ActiveCfg = Release|Any CPU
		{C47985C5-7B6B-405A-BD27-7E03B3A795B8}.Release|Any CPU.Build.0 = Release|Any CPU
	EndGlobalSection
	GlobalSection(SolutionProperties) = preSolution
		HideSolutionNode = FALSE
	EndGlobalSection
	GlobalSection(ExtensibilityGlobals) = postSolution
		SolutionGuid = {49681A88-38CE-4F59-A611-89B4A7AC5EA4}
	EndGlobalSection
EndGlobal
